PODS:
  - Alamofire (5.0.0)
  - Network (3.1.3):
    - Alamofire

DEPENDENCIES:
  - Network (from `../`)

SPEC REPOS:
  https://github.com/CocoaPods/Specs.git:
    - Alamofire

EXTERNAL SOURCES:
  Network:
    :path: "../"

SPEC CHECKSUMS:
  Alamofire: 58ff2bfb8daaacaa233d5c36e37b10a5248f59b1
  Network: f03a08b0c004eb2915cbc1dc90b62fe7ccdd90fa

PODFILE CHECKSUM: b9a5e65d55c702d0efcd7e2950a8d150b6be09a3

COCOAPODS: 1.8.3
